
Microsoft Visual Studio Solution File, Format Version 12.00
# Visual Studio 15
VisualStudioVersion = 15.0.27703.2026
MinimumVisualStudioVersion = 10.0.40219.1
Project("{FAE04EC0-301F-11D3-BF4B-00C04F79EFBC}") = "ArrayCombine", "ArrayCombine(Actual)\ArrayCombine.csproj", "{8F4A02AA-2CF5-4159-A6E8-A921FEBBB9DE}"
EndProject
Project("{FAE04EC0-301F-11D3-BF4B-00C04F79EFBC}") = "ArrayCombineTest", "ArrayCombineTest\ArrayCombineTest.csproj", "{B1C48B85-5249-44FF-B80F-740BD7BB57EC}"
EndProject
Global
	GlobalSection(SolutionConfigurationPlatforms) = preSolution
		Debug|Any CPU = Debug|Any CPU
		Release|Any CPU = Release|Any CPU
	EndGlobalSection
	GlobalSection(ProjectConfigurationPlatforms) = postSolution
		{8F4A02AA-2CF5-4159-A6E8-A921FEBBB9DE}.Debug|Any CPU.ActiveCfg = Debug|Any CPU
		{8F4A02AA-2CF5-4159-A6E8-A921FEBBB9DE}.Debug|Any CPU.Build.0 = Debug|Any CPU
		{8F4A02AA-2CF5-4159-A6E8-A921FEBBB9DE}.Release|Any CPU.ActiveCfg = Release|Any CPU
		{8F4A02AA-2CF5-4159-A6E8-A921FEBBB9DE}.Release|Any CPU.Build.0 = Release|Any CPU
		{B1C48B85-5249-44FF-B80F-740BD7BB57EC}.Debug|Any CPU.ActiveCfg = Debug|Any CPU
		{B1C48B85-5249-44FF-B80F-740BD7BB57EC}.Debug|Any CPU.Build.0 = Debug|Any CPU
		{B1C48B85-5249-44FF-B80F-740BD7BB57EC}.Release|Any CPU.ActiveCfg = Release|Any CPU
		{B1C48B85-5249-44FF-B80F-740BD7BB57EC}.Release|Any CPU.Build.0 = Release|Any CPU
	EndGlobalSection
	GlobalSection(SolutionProperties) = preSolution
		HideSolutionNode = FALSE
	EndGlobalSection
	GlobalSection(ExtensibilityGlobals) = postSolution
		SolutionGuid = {7CFC0B64-FE56-401B-BCAD-9470878874D4}
	EndGlobalSection
EndGlobal
