
Microsoft Visual Studio Solution File, Format Version 12.00
# Visual Studio 15
VisualStudioVersion = 15.0.27703.2026
MinimumVisualStudioVersion = 10.0.40219.1
Project("{FAE04EC0-301F-11D3-BF4B-00C04F79EFBC}") = "DictArrayCombine", "DictArrayCombine\DictArrayCombine.csproj", "{6366651D-17A2-4298-BCE3-0DEAD17A3B43}"
EndProject
Project("{FAE04EC0-301F-11D3-BF4B-00C04F79EFBC}") = "CombineTest", "CombineTest\CombineTest.csproj", "{A0A05CBB-B0DA-4AD5-9C05-23F4AB085A47}"
EndProject
Global
	GlobalSection(SolutionConfigurationPlatforms) = preSolution
		Debug|Any CPU = Debug|Any CPU
		Release|Any CPU = Release|Any CPU
	EndGlobalSection
	GlobalSection(ProjectConfigurationPlatforms) = postSolution
		{6366651D-17A2-4298-BCE3-0DEAD17A3B43}.Debug|Any CPU.ActiveCfg = Debug|Any CPU
		{6366651D-17A2-4298-BCE3-0DEAD17A3B43}.Debug|Any CPU.Build.0 = Debug|Any CPU
		{6366651D-17A2-4298-BCE3-0DEAD17A3B43}.Release|Any CPU.ActiveCfg = Release|Any CPU
		{6366651D-17A2-4298-BCE3-0DEAD17A3B43}.Release|Any CPU.Build.0 = Release|Any CPU
		{A0A05CBB-B0DA-4AD5-9C05-23F4AB085A47}.Debug|Any CPU.ActiveCfg = Debug|Any CPU
		{A0A05CBB-B0DA-4AD5-9C05-23F4AB085A47}.Debug|Any CPU.Build.0 = Debug|Any CPU
		{A0A05CBB-B0DA-4AD5-9C05-23F4AB085A47}.Release|Any CPU.ActiveCfg = Release|Any CPU
		{A0A05CBB-B0DA-4AD5-9C05-23F4AB085A47}.Release|Any CPU.Build.0 = Release|Any CPU
	EndGlobalSection
	GlobalSection(SolutionProperties) = preSolution
		HideSolutionNode = FALSE
	EndGlobalSection
	GlobalSection(ExtensibilityGlobals) = postSolution
		SolutionGuid = {28B62DBE-BCF1-4CFA-A479-EBE9979877F8}
	EndGlobalSection
EndGlobal
