
Microsoft Visual Studio Solution File, Format Version 12.00
# Visual Studio 15
VisualStudioVersion = 15.0.27703.2026
MinimumVisualStudioVersion = 10.0.40219.1
Project("{FAE04EC0-301F-11D3-BF4B-00C04F79EFBC}") = "MonthToDays", "MonthToDays\MonthToDays.csproj", "{1524A8D6-213D-47DD-B547-F22C5FD47DC0}"
EndProject
Project("{FAE04EC0-301F-11D3-BF4B-00C04F79EFBC}") = "MonthToDaysUnitTest", "MonthToDaysUnitTest\MonthToDaysUnitTest.csproj", "{7596B041-33EE-4C17-A0ED-E545CFDD29A4}"
EndProject
Global
	GlobalSection(SolutionConfigurationPlatforms) = preSolution
		Debug|Any CPU = Debug|Any CPU
		Release|Any CPU = Release|Any CPU
	EndGlobalSection
	GlobalSection(ProjectConfigurationPlatforms) = postSolution
		{1524A8D6-213D-47DD-B547-F22C5FD47DC0}.Debug|Any CPU.ActiveCfg = Debug|Any CPU
		{1524A8D6-213D-47DD-B547-F22C5FD47DC0}.Debug|Any CPU.Build.0 = Debug|Any CPU
		{1524A8D6-213D-47DD-B547-F22C5FD47DC0}.Release|Any CPU.ActiveCfg = Release|Any CPU
		{1524A8D6-213D-47DD-B547-F22C5FD47DC0}.Release|Any CPU.Build.0 = Release|Any CPU
		{7596B041-33EE-4C17-A0ED-E545CFDD29A4}.Debug|Any CPU.ActiveCfg = Debug|Any CPU
		{7596B041-33EE-4C17-A0ED-E545CFDD29A4}.Debug|Any CPU.Build.0 = Debug|Any CPU
		{7596B041-33EE-4C17-A0ED-E545CFDD29A4}.Release|Any CPU.ActiveCfg = Release|Any CPU
		{7596B041-33EE-4C17-A0ED-E545CFDD29A4}.Release|Any CPU.Build.0 = Release|Any CPU
	EndGlobalSection
	GlobalSection(SolutionProperties) = preSolution
		HideSolutionNode = FALSE
	EndGlobalSection
	GlobalSection(ExtensibilityGlobals) = postSolution
		SolutionGuid = {2551B33B-B789-44FC-9911-BBFC95C0A9DF}
	EndGlobalSection
EndGlobal
